
Microsoft Visual Studio Solution File, Format Version 11.00
# Visual Studio 2010
Project("{B1E792BE-AA5F-4E3C-8C82-674BF9C0715B}") = "Sample PackML_V2", "Sample PackML_V2\Sample PackML_V2.tsproj", "{C94A9355-FB08-40A8-834D-42A680523688}"
EndProject
Global
	GlobalSection(SolutionConfigurationPlatforms) = preSolution
		Debug|TwinCAT CE7 (ARMV7) = Debug|TwinCAT CE7 (ARMV7)
		Debug|TwinCAT RT (x64) = Debug|TwinCAT RT (x64)
		Debug|TwinCAT RT (x86) = Debug|TwinCAT RT (x86)
		Release|TwinCAT CE7 (ARMV7) = Release|TwinCAT CE7 (ARMV7)
		Release|TwinCAT RT (x64) = Release|TwinCAT RT (x64)
		Release|TwinCAT RT (x86) = Release|TwinCAT RT (x86)
	EndGlobalSection
	GlobalSection(ProjectConfigurationPlatforms) = postSolution
		{C94A9355-FB08-40A8-834D-42A680523688}.Debug|TwinCAT CE7 (ARMV7).ActiveCfg = Debug|TwinCAT CE7 (ARMV7)
		{C94A9355-FB08-40A8-834D-42A680523688}.Debug|TwinCAT CE7 (ARMV7).Build.0 = Debug|TwinCAT CE7 (ARMV7)
		{C94A9355-FB08-40A8-834D-42A680523688}.Debug|TwinCAT RT (x64).ActiveCfg = Debug|TwinCAT RT (x64)
		{C94A9355-FB08-40A8-834D-42A680523688}.Debug|TwinCAT RT (x64).Build.0 = Debug|TwinCAT RT (x64)
		{C94A9355-FB08-40A8-834D-42A680523688}.Debug|TwinCAT RT (x86).ActiveCfg = Debug|TwinCAT RT (x86)
		{C94A9355-FB08-40A8-834D-42A680523688}.Debug|TwinCAT RT (x86).Build.0 = Debug|TwinCAT RT (x86)
		{C94A9355-FB08-40A8-834D-42A680523688}.Release|TwinCAT CE7 (ARMV7).ActiveCfg = Release|TwinCAT CE7 (ARMV7)
		{C94A9355-FB08-40A8-834D-42A680523688}.Release|TwinCAT CE7 (ARMV7).Build.0 = Release|TwinCAT CE7 (ARMV7)
		{C94A9355-FB08-40A8-834D-42A680523688}.Release|TwinCAT RT (x64).ActiveCfg = Release|TwinCAT RT (x64)
		{C94A9355-FB08-40A8-834D-42A680523688}.Release|TwinCAT RT (x64).Build.0 = Release|TwinCAT RT (x64)
		{C94A9355-FB08-40A8-834D-42A680523688}.Release|TwinCAT RT (x86).ActiveCfg = Release|TwinCAT RT (x86)
		{C94A9355-FB08-40A8-834D-42A680523688}.Release|TwinCAT RT (x86).Build.0 = Release|TwinCAT RT (x86)
		{81FEA7DA-109B-4B19-A359-7A020BFED536}.Debug|TwinCAT CE7 (ARMV7).ActiveCfg = Debug|TwinCAT CE7 (ARMV7)
		{81FEA7DA-109B-4B19-A359-7A020BFED536}.Debug|TwinCAT CE7 (ARMV7).Build.0 = Debug|TwinCAT CE7 (ARMV7)
		{81FEA7DA-109B-4B19-A359-7A020BFED536}.Debug|TwinCAT RT (x64).ActiveCfg = Debug|TwinCAT RT (x64)
		{81FEA7DA-109B-4B19-A359-7A020BFED536}.Debug|TwinCAT RT (x64).Build.0 = Debug|TwinCAT RT (x64)
		{81FEA7DA-109B-4B19-A359-7A020BFED536}.Debug|TwinCAT RT (x86).ActiveCfg = Debug|TwinCAT RT (x86)
		{81FEA7DA-109B-4B19-A359-7A020BFED536}.Debug|TwinCAT RT (x86).Build.0 = Debug|TwinCAT RT (x86)
		{81FEA7DA-109B-4B19-A359-7A020BFED536}.Release|TwinCAT CE7 (ARMV7).ActiveCfg = Release|TwinCAT CE7 (ARMV7)
		{81FEA7DA-109B-4B19-A359-7A020BFED536}.Release|TwinCAT CE7 (ARMV7).Build.0 = Release|TwinCAT CE7 (ARMV7)
		{81FEA7DA-109B-4B19-A359-7A020BFED536}.Release|TwinCAT RT (x64).ActiveCfg = Release|TwinCAT RT (x64)
		{81FEA7DA-109B-4B19-A359-7A020BFED536}.Release|TwinCAT RT (x64).Build.0 = Release|TwinCAT RT (x64)
		{81FEA7DA-109B-4B19-A359-7A020BFED536}.Release|TwinCAT RT (x86).ActiveCfg = Release|TwinCAT RT (x86)
		{81FEA7DA-109B-4B19-A359-7A020BFED536}.Release|TwinCAT RT (x86).Build.0 = Release|TwinCAT RT (x86)
	EndGlobalSection
	GlobalSection(SolutionProperties) = preSolution
		HideSolutionNode = FALSE
	EndGlobalSection
EndGlobal
