
Microsoft Visual Studio Solution File, Format Version 12.00
# TcXaeShell Solution File, Format Version 11.00
VisualStudioVersion = 17.7.34302.85
MinimumVisualStudioVersion = 10.0.40219.1
Project("{B1E792BE-AA5F-4E3C-8C82-674BF9C0715B}") = "Sample PackML_V2", "Sample PackML_V2\Sample PackML_V2.tsproj", "{C94A9355-FB08-40A8-834D-42A680523688}"
EndProject
Project("{FE7A1B72-C5B7-4D7C-BB7D-76384D4DE8E1}") = "AnalyticsHMIProject", "AnalyticsHMIProject\AnalyticsHMIProject.hmiproj", "{53F7F49F-59CA-4E66-84ED-918CF2E931D5}"
EndProject
Global
	GlobalSection(SolutionConfigurationPlatforms) = preSolution
		Debug|TwinCAT CE7 (ARMV7) = Debug|TwinCAT CE7 (ARMV7)
		Debug|TwinCAT HMI = Debug|TwinCAT HMI
		Debug|TwinCAT OS (ARMV7-A) = Debug|TwinCAT OS (ARMV7-A)
		Debug|TwinCAT OS (ARMV7-M) = Debug|TwinCAT OS (ARMV7-M)
		Debug|TwinCAT OS (ARMV8-A) = Debug|TwinCAT OS (ARMV8-A)
		Debug|TwinCAT OS (x64) = Debug|TwinCAT OS (x64)
		Debug|TwinCAT RT (x64) = Debug|TwinCAT RT (x64)
		Debug|TwinCAT RT (x86) = Debug|TwinCAT RT (x86)
		Release|TwinCAT CE7 (ARMV7) = Release|TwinCAT CE7 (ARMV7)
		Release|TwinCAT HMI = Release|TwinCAT HMI
		Release|TwinCAT OS (ARMV7-A) = Release|TwinCAT OS (ARMV7-A)
		Release|TwinCAT OS (ARMV7-M) = Release|TwinCAT OS (ARMV7-M)
		Release|TwinCAT OS (ARMV8-A) = Release|TwinCAT OS (ARMV8-A)
		Release|TwinCAT OS (x64) = Release|TwinCAT OS (x64)
		Release|TwinCAT RT (x64) = Release|TwinCAT RT (x64)
		Release|TwinCAT RT (x86) = Release|TwinCAT RT (x86)
	EndGlobalSection
	GlobalSection(ProjectConfigurationPlatforms) = postSolution
		{C94A9355-FB08-40A8-834D-42A680523688}.Debug|TwinCAT CE7 (ARMV7).ActiveCfg = Debug|TwinCAT CE7 (ARMV7)
		{C94A9355-FB08-40A8-834D-42A680523688}.Debug|TwinCAT CE7 (ARMV7).Build.0 = Debug|TwinCAT CE7 (ARMV7)
		{C94A9355-FB08-40A8-834D-42A680523688}.Debug|TwinCAT HMI.ActiveCfg = Debug|TwinCAT OS (x64)
		{C94A9355-FB08-40A8-834D-42A680523688}.Debug|TwinCAT HMI.Build.0 = Debug|TwinCAT OS (x64)
		{C94A9355-FB08-40A8-834D-42A680523688}.Debug|TwinCAT OS (ARMV7-A).ActiveCfg = Debug|TwinCAT OS (ARMV7-A)
		{C94A9355-FB08-40A8-834D-42A680523688}.Debug|TwinCAT OS (ARMV7-A).Build.0 = Debug|TwinCAT OS (ARMV7-A)
		{C94A9355-FB08-40A8-834D-42A680523688}.Debug|TwinCAT OS (ARMV7-M).ActiveCfg = Debug|TwinCAT OS (ARMV7-M)
		{C94A9355-FB08-40A8-834D-42A680523688}.Debug|TwinCAT OS (ARMV7-M).Build.0 = Debug|TwinCAT OS (ARMV7-M)
		{C94A9355-FB08-40A8-834D-42A680523688}.Debug|TwinCAT OS (ARMV8-A).ActiveCfg = Debug|TwinCAT OS (ARMV8-A)
		{C94A9355-FB08-40A8-834D-42A680523688}.Debug|TwinCAT OS (ARMV8-A).Build.0 = Debug|TwinCAT OS (ARMV8-A)
		{C94A9355-FB08-40A8-834D-42A680523688}.Debug|TwinCAT OS (x64).ActiveCfg = Debug|TwinCAT OS (x64)
		{C94A9355-FB08-40A8-834D-42A680523688}.Debug|TwinCAT OS (x64).Build.0 = Debug|TwinCAT OS (x64)
		{C94A9355-FB08-40A8-834D-42A680523688}.Debug|TwinCAT RT (x64).ActiveCfg = Debug|TwinCAT RT (x64)
		{C94A9355-FB08-40A8-834D-42A680523688}.Debug|TwinCAT RT (x64).Build.0 = Debug|TwinCAT RT (x64)
		{C94A9355-FB08-40A8-834D-42A680523688}.Debug|TwinCAT RT (x86).ActiveCfg = Debug|TwinCAT RT (x86)
		{C94A9355-FB08-40A8-834D-42A680523688}.Debug|TwinCAT RT (x86).Build.0 = Debug|TwinCAT RT (x86)
		{C94A9355-FB08-40A8-834D-42A680523688}.Release|TwinCAT CE7 (ARMV7).ActiveCfg = Release|TwinCAT CE7 (ARMV7)
		{C94A9355-FB08-40A8-834D-42A680523688}.Release|TwinCAT CE7 (ARMV7).Build.0 = Release|TwinCAT CE7 (ARMV7)
		{C94A9355-FB08-40A8-834D-42A680523688}.Release|TwinCAT HMI.ActiveCfg = Release|TwinCAT OS (x64)
		{C94A9355-FB08-40A8-834D-42A680523688}.Release|TwinCAT HMI.Build.0 = Release|TwinCAT OS (x64)
		{C94A9355-FB08-40A8-834D-42A680523688}.Release|TwinCAT OS (ARMV7-A).ActiveCfg = Release|TwinCAT OS (ARMV7-A)
		{C94A9355-FB08-40A8-834D-42A680523688}.Release|TwinCAT OS (ARMV7-A).Build.0 = Release|TwinCAT OS (ARMV7-A)
		{C94A9355-FB08-40A8-834D-42A680523688}.Release|TwinCAT OS (ARMV7-M).ActiveCfg = Release|TwinCAT OS (ARMV7-M)
		{C94A9355-FB08-40A8-834D-42A680523688}.Release|TwinCAT OS (ARMV7-M).Build.0 = Release|TwinCAT OS (ARMV7-M)
		{C94A9355-FB08-40A8-834D-42A680523688}.Release|TwinCAT OS (ARMV8-A).ActiveCfg = Release|TwinCAT OS (ARMV8-A)
		{C94A9355-FB08-40A8-834D-42A680523688}.Release|TwinCAT OS (ARMV8-A).Build.0 = Release|TwinCAT OS (ARMV8-A)
		{C94A9355-FB08-40A8-834D-42A680523688}.Release|TwinCAT OS (x64).ActiveCfg = Release|TwinCAT OS (x64)
		{C94A9355-FB08-40A8-834D-42A680523688}.Release|TwinCAT OS (x64).Build.0 = Release|TwinCAT OS (x64)
		{C94A9355-FB08-40A8-834D-42A680523688}.Release|TwinCAT RT (x64).ActiveCfg = Release|TwinCAT RT (x64)
		{C94A9355-FB08-40A8-834D-42A680523688}.Release|TwinCAT RT (x64).Build.0 = Release|TwinCAT RT (x64)
		{C94A9355-FB08-40A8-834D-42A680523688}.Release|TwinCAT RT (x86).ActiveCfg = Release|TwinCAT RT (x86)
		{C94A9355-FB08-40A8-834D-42A680523688}.Release|TwinCAT RT (x86).Build.0 = Release|TwinCAT RT (x86)
		{53F7F49F-59CA-4E66-84ED-918CF2E931D5}.Debug|TwinCAT CE7 (ARMV7).ActiveCfg = Debug|TwinCAT HMI
		{53F7F49F-59CA-4E66-84ED-918CF2E931D5}.Debug|TwinCAT CE7 (ARMV7).Build.0 = Debug|TwinCAT HMI
		{53F7F49F-59CA-4E66-84ED-918CF2E931D5}.Debug|TwinCAT HMI.ActiveCfg = Debug|TwinCAT HMI
		{53F7F49F-59CA-4E66-84ED-918CF2E931D5}.Debug|TwinCAT HMI.Build.0 = Debug|TwinCAT HMI
		{53F7F49F-59CA-4E66-84ED-918CF2E931D5}.Debug|TwinCAT OS (ARMV7-A).ActiveCfg = Debug|TwinCAT HMI
		{53F7F49F-59CA-4E66-84ED-918CF2E931D5}.Debug|TwinCAT OS (ARMV7-A).Build.0 = Debug|TwinCAT HMI
		{53F7F49F-59CA-4E66-84ED-918CF2E931D5}.Debug|TwinCAT OS (ARMV7-M).ActiveCfg = Debug|TwinCAT HMI
		{53F7F49F-59CA-4E66-84ED-918CF2E931D5}.Debug|TwinCAT OS (ARMV7-M).Build.0 = Debug|TwinCAT HMI
		{53F7F49F-59CA-4E66-84ED-918CF2E931D5}.Debug|TwinCAT OS (ARMV8-A).ActiveCfg = Debug|TwinCAT HMI
		{53F7F49F-59CA-4E66-84ED-918CF2E931D5}.Debug|TwinCAT OS (ARMV8-A).Build.0 = Debug|TwinCAT HMI
		{53F7F49F-59CA-4E66-84ED-918CF2E931D5}.Debug|TwinCAT OS (x64).ActiveCfg = Debug|TwinCAT HMI
		{53F7F49F-59CA-4E66-84ED-918CF2E931D5}.Debug|TwinCAT OS (x64).Build.0 = Debug|TwinCAT HMI
		{53F7F49F-59CA-4E66-84ED-918CF2E931D5}.Debug|TwinCAT RT (x64).ActiveCfg = Debug|TwinCAT HMI
		{53F7F49F-59CA-4E66-84ED-918CF2E931D5}.Debug|TwinCAT RT (x64).Build.0 = Debug|TwinCAT HMI
		{53F7F49F-59CA-4E66-84ED-918CF2E931D5}.Debug|TwinCAT RT (x86).ActiveCfg = Debug|TwinCAT HMI
		{53F7F49F-59CA-4E66-84ED-918CF2E931D5}.Debug|TwinCAT RT (x86).Build.0 = Debug|TwinCAT HMI
		{53F7F49F-59CA-4E66-84ED-918CF2E931D5}.Release|TwinCAT CE7 (ARMV7).ActiveCfg = Release|TwinCAT HMI
		{53F7F49F-59CA-4E66-84ED-918CF2E931D5}.Release|TwinCAT CE7 (ARMV7).Build.0 = Release|TwinCAT HMI
		{53F7F49F-59CA-4E66-84ED-918CF2E931D5}.Release|TwinCAT HMI.ActiveCfg = Release|TwinCAT HMI
		{53F7F49F-59CA-4E66-84ED-918CF2E931D5}.Release|TwinCAT HMI.Build.0 = Release|TwinCAT HMI
		{53F7F49F-59CA-4E66-84ED-918CF2E931D5}.Release|TwinCAT OS (ARMV7-A).ActiveCfg = Release|TwinCAT HMI
		{53F7F49F-59CA-4E66-84ED-918CF2E931D5}.Release|TwinCAT OS (ARMV7-A).Build.0 = Release|TwinCAT HMI
		{53F7F49F-59CA-4E66-84ED-918CF2E931D5}.Release|TwinCAT OS (ARMV7-M).ActiveCfg = Release|TwinCAT HMI
		{53F7F49F-59CA-4E66-84ED-918CF2E931D5}.Release|TwinCAT OS (ARMV7-M).Build.0 = Release|TwinCAT HMI
		{53F7F49F-59CA-4E66-84ED-918CF2E931D5}.Release|TwinCAT OS (ARMV8-A).ActiveCfg = Release|TwinCAT HMI
		{53F7F49F-59CA-4E66-84ED-918CF2E931D5}.Release|TwinCAT OS (ARMV8-A).Build.0 = Release|TwinCAT HMI
		{53F7F49F-59CA-4E66-84ED-918CF2E931D5}.Release|TwinCAT OS (x64).ActiveCfg = Release|TwinCAT HMI
		{53F7F49F-59CA-4E66-84ED-918CF2E931D5}.Release|TwinCAT OS (x64).Build.0 = Release|TwinCAT HMI
		{53F7F49F-59CA-4E66-84ED-918CF2E931D5}.Release|TwinCAT RT (x64).ActiveCfg = Release|TwinCAT HMI
		{53F7F49F-59CA-4E66-84ED-918CF2E931D5}.Release|TwinCAT RT (x64).Build.0 = Release|TwinCAT HMI
		{53F7F49F-59CA-4E66-84ED-918CF2E931D5}.Release|TwinCAT RT (x86).ActiveCfg = Release|TwinCAT HMI
		{53F7F49F-59CA-4E66-84ED-918CF2E931D5}.Release|TwinCAT RT (x86).Build.0 = Release|TwinCAT HMI
		{81FEA7DA-109B-4B19-A359-7A020BFED536}.Debug|TwinCAT CE7 (ARMV7).ActiveCfg = Debug|TwinCAT CE7 (ARMV7)
		{81FEA7DA-109B-4B19-A359-7A020BFED536}.Debug|TwinCAT CE7 (ARMV7).Build.0 = Debug|TwinCAT CE7 (ARMV7)
		{81FEA7DA-109B-4B19-A359-7A020BFED536}.Debug|TwinCAT HMI.ActiveCfg = Debug|TwinCAT OS (x64)
		{81FEA7DA-109B-4B19-A359-7A020BFED536}.Debug|TwinCAT HMI.Build.0 = Debug|TwinCAT OS (x64)
		{81FEA7DA-109B-4B19-A359-7A020BFED536}.Debug|TwinCAT OS (ARMV7-A).ActiveCfg = Debug|TwinCAT OS (ARMV7-A)
		{81FEA7DA-109B-4B19-A359-7A020BFED536}.Debug|TwinCAT OS (ARMV7-A).Build.0 = Debug|TwinCAT OS (ARMV7-A)
		{81FEA7DA-109B-4B19-A359-7A020BFED536}.Debug|TwinCAT OS (ARMV7-M).ActiveCfg = Debug|TwinCAT OS (ARMV7-M)
		{81FEA7DA-109B-4B19-A359-7A020BFED536}.Debug|TwinCAT OS (ARMV7-M).Build.0 = Debug|TwinCAT OS (ARMV7-M)
		{81FEA7DA-109B-4B19-A359-7A020BFED536}.Debug|TwinCAT OS (ARMV8-A).ActiveCfg = Debug|TwinCAT OS (ARMV8-A)
		{81FEA7DA-109B-4B19-A359-7A020BFED536}.Debug|TwinCAT OS (ARMV8-A).Build.0 = Debug|TwinCAT OS (ARMV8-A)
		{81FEA7DA-109B-4B19-A359-7A020BFED536}.Debug|TwinCAT OS (x64).ActiveCfg = Debug|TwinCAT OS (x64)
		{81FEA7DA-109B-4B19-A359-7A020BFED536}.Debug|TwinCAT OS (x64).Build.0 = Debug|TwinCAT OS (x64)
		{81FEA7DA-109B-4B19-A359-7A020BFED536}.Debug|TwinCAT RT (x64).ActiveCfg = Debug|TwinCAT RT (x64)
		{81FEA7DA-109B-4B19-A359-7A020BFED536}.Debug|TwinCAT RT (x64).Build.0 = Debug|TwinCAT RT (x64)
		{81FEA7DA-109B-4B19-A359-7A020BFED536}.Debug|TwinCAT RT (x86).ActiveCfg = Debug|TwinCAT RT (x86)
		{81FEA7DA-109B-4B19-A359-7A020BFED536}.Debug|TwinCAT RT (x86).Build.0 = Debug|TwinCAT RT (x86)
		{81FEA7DA-109B-4B19-A359-7A020BFED536}.Release|TwinCAT CE7 (ARMV7).ActiveCfg = Release|TwinCAT CE7 (ARMV7)
		{81FEA7DA-109B-4B19-A359-7A020BFED536}.Release|TwinCAT CE7 (ARMV7).Build.0 = Release|TwinCAT CE7 (ARMV7)
		{81FEA7DA-109B-4B19-A359-7A020BFED536}.Release|TwinCAT HMI.ActiveCfg = Release|TwinCAT OS (x64)
		{81FEA7DA-109B-4B19-A359-7A020BFED536}.Release|TwinCAT HMI.Build.0 = Release|TwinCAT OS (x64)
		{81FEA7DA-109B-4B19-A359-7A020BFED536}.Release|TwinCAT OS (ARMV7-A).ActiveCfg = Release|TwinCAT OS (ARMV7-A)
		{81FEA7DA-109B-4B19-A359-7A020BFED536}.Release|TwinCAT OS (ARMV7-A).Build.0 = Release|TwinCAT OS (ARMV7-A)
		{81FEA7DA-109B-4B19-A359-7A020BFED536}.Release|TwinCAT OS (ARMV7-M).ActiveCfg = Release|TwinCAT OS (ARMV7-M)
		{81FEA7DA-109B-4B19-A359-7A020BFED536}.Release|TwinCAT OS (ARMV7-M).Build.0 = Release|TwinCAT OS (ARMV7-M)
		{81FEA7DA-109B-4B19-A359-7A020BFED536}.Release|TwinCAT OS (ARMV8-A).ActiveCfg = Release|TwinCAT OS (ARMV8-A)
		{81FEA7DA-109B-4B19-A359-7A020BFED536}.Release|TwinCAT OS (ARMV8-A).Build.0 = Release|TwinCAT OS (ARMV8-A)
		{81FEA7DA-109B-4B19-A359-7A020BFED536}.Release|TwinCAT OS (x64).ActiveCfg = Release|TwinCAT OS (x64)
		{81FEA7DA-109B-4B19-A359-7A020BFED536}.Release|TwinCAT OS (x64).Build.0 = Release|TwinCAT OS (x64)
		{81FEA7DA-109B-4B19-A359-7A020BFED536}.Release|TwinCAT RT (x64).ActiveCfg = Release|TwinCAT RT (x64)
		{81FEA7DA-109B-4B19-A359-7A020BFED536}.Release|TwinCAT RT (x64).Build.0 = Release|TwinCAT RT (x64)
		{81FEA7DA-109B-4B19-A359-7A020BFED536}.Release|TwinCAT RT (x86).ActiveCfg = Release|TwinCAT RT (x86)
		{81FEA7DA-109B-4B19-A359-7A020BFED536}.Release|TwinCAT RT (x86).Build.0 = Release|TwinCAT RT (x86)
		{7D31D455-DBA6-4D4A-B256-93FA72BB6CF2}.Debug|TwinCAT CE7 (ARMV7).ActiveCfg = Debug|TwinCAT CE7 (ARMV7)
		{7D31D455-DBA6-4D4A-B256-93FA72BB6CF2}.Debug|TwinCAT CE7 (ARMV7).Build.0 = Debug|TwinCAT CE7 (ARMV7)
		{7D31D455-DBA6-4D4A-B256-93FA72BB6CF2}.Debug|TwinCAT HMI.ActiveCfg = Debug|TwinCAT RT (x64)
		{7D31D455-DBA6-4D4A-B256-93FA72BB6CF2}.Debug|TwinCAT HMI.Build.0 = Debug|TwinCAT RT (x64)
		{7D31D455-DBA6-4D4A-B256-93FA72BB6CF2}.Debug|TwinCAT OS (ARMV7-A).ActiveCfg = Debug|TwinCAT OS (ARMV7-A)
		{7D31D455-DBA6-4D4A-B256-93FA72BB6CF2}.Debug|TwinCAT OS (ARMV7-A).Build.0 = Debug|TwinCAT OS (ARMV7-A)
		{7D31D455-DBA6-4D4A-B256-93FA72BB6CF2}.Debug|TwinCAT OS (ARMV7-M).ActiveCfg = Debug|TwinCAT OS (ARMV7-M)
		{7D31D455-DBA6-4D4A-B256-93FA72BB6CF2}.Debug|TwinCAT OS (ARMV7-M).Build.0 = Debug|TwinCAT OS (ARMV7-M)
		{7D31D455-DBA6-4D4A-B256-93FA72BB6CF2}.Debug|TwinCAT OS (ARMV8-A).ActiveCfg = Debug|TwinCAT OS (ARMV8-A)
		{7D31D455-DBA6-4D4A-B256-93FA72BB6CF2}.Debug|TwinCAT OS (ARMV8-A).Build.0 = Debug|TwinCAT OS (ARMV8-A)
		{7D31D455-DBA6-4D4A-B256-93FA72BB6CF2}.Debug|TwinCAT OS (x64).ActiveCfg = Debug|TwinCAT OS (x64)
		{7D31D455-DBA6-4D4A-B256-93FA72BB6CF2}.Debug|TwinCAT OS (x64).Build.0 = Debug|TwinCAT OS (x64)
		{7D31D455-DBA6-4D4A-B256-93FA72BB6CF2}.Debug|TwinCAT RT (x64).ActiveCfg = Debug|TwinCAT RT (x64)
		{7D31D455-DBA6-4D4A-B256-93FA72BB6CF2}.Debug|TwinCAT RT (x64).Build.0 = Debug|TwinCAT RT (x64)
		{7D31D455-DBA6-4D4A-B256-93FA72BB6CF2}.Debug|TwinCAT RT (x86).ActiveCfg = Debug|TwinCAT RT (x86)
		{7D31D455-DBA6-4D4A-B256-93FA72BB6CF2}.Debug|TwinCAT RT (x86).Build.0 = Debug|TwinCAT RT (x86)
		{7D31D455-DBA6-4D4A-B256-93FA72BB6CF2}.Release|TwinCAT CE7 (ARMV7).ActiveCfg = Release|TwinCAT CE7 (ARMV7)
		{7D31D455-DBA6-4D4A-B256-93FA72BB6CF2}.Release|TwinCAT CE7 (ARMV7).Build.0 = Release|TwinCAT CE7 (ARMV7)
		{7D31D455-DBA6-4D4A-B256-93FA72BB6CF2}.Release|TwinCAT HMI.ActiveCfg = Release|TwinCAT RT (x64)
		{7D31D455-DBA6-4D4A-B256-93FA72BB6CF2}.Release|TwinCAT HMI.Build.0 = Release|TwinCAT RT (x64)
		{7D31D455-DBA6-4D4A-B256-93FA72BB6CF2}.Release|TwinCAT OS (ARMV7-A).ActiveCfg = Release|TwinCAT OS (ARMV7-A)
		{7D31D455-DBA6-4D4A-B256-93FA72BB6CF2}.Release|TwinCAT OS (ARMV7-A).Build.0 = Release|TwinCAT OS (ARMV7-A)
		{7D31D455-DBA6-4D4A-B256-93FA72BB6CF2}.Release|TwinCAT OS (ARMV7-M).ActiveCfg = Release|TwinCAT OS (ARMV7-M)
		{7D31D455-DBA6-4D4A-B256-93FA72BB6CF2}.Release|TwinCAT OS (ARMV7-M).Build.0 = Release|TwinCAT OS (ARMV7-M)
		{7D31D455-DBA6-4D4A-B256-93FA72BB6CF2}.Release|TwinCAT OS (ARMV8-A).ActiveCfg = Release|TwinCAT OS (ARMV8-A)
		{7D31D455-DBA6-4D4A-B256-93FA72BB6CF2}.Release|TwinCAT OS (ARMV8-A).Build.0 = Release|TwinCAT OS (ARMV8-A)
		{7D31D455-DBA6-4D4A-B256-93FA72BB6CF2}.Release|TwinCAT OS (x64).ActiveCfg = Release|TwinCAT OS (x64)
		{7D31D455-DBA6-4D4A-B256-93FA72BB6CF2}.Release|TwinCAT OS (x64).Build.0 = Release|TwinCAT OS (x64)
		{7D31D455-DBA6-4D4A-B256-93FA72BB6CF2}.Release|TwinCAT RT (x64).ActiveCfg = Release|TwinCAT RT (x64)
		{7D31D455-DBA6-4D4A-B256-93FA72BB6CF2}.Release|TwinCAT RT (x64).Build.0 = Release|TwinCAT RT (x64)
		{7D31D455-DBA6-4D4A-B256-93FA72BB6CF2}.Release|TwinCAT RT (x86).ActiveCfg = Release|TwinCAT RT (x86)
		{7D31D455-DBA6-4D4A-B256-93FA72BB6CF2}.Release|TwinCAT RT (x86).Build.0 = Release|TwinCAT RT (x86)
	EndGlobalSection
	GlobalSection(SolutionProperties) = preSolution
		HideSolutionNode = FALSE
	EndGlobalSection
	GlobalSection(ExtensibilityGlobals) = postSolution
		SolutionGuid = {4EC3BC41-BB49-49DD-A8D4-24E06CCCBA39}
	EndGlobalSection
EndGlobal
